
Microsoft Visual Studio Solution File, Format Version 12.00
# Visual Studio Version 17
VisualStudioVersion = 17.0.31912.275
MinimumVisualStudioVersion = 10.0.40219.1
Project("{FAE04EC0-301F-11D3-BF4B-00C04F79EFBC}") = "DevTeams_Repository", "DevTeams_Repository\DevTeams_Repository.csproj", "{C3CF28DB-31CD-444A-8CE6-4DF78BF5334D}"
EndProject
Project("{FAE04EC0-301F-11D3-BF4B-00C04F79EFBC}") = "DevTeams_POCOs", "DevTeams_POCOs\DevTeams_POCOs.csproj", "{D128A512-5715-4848-ABB6-42A7BDDC908C}"
EndProject
Project("{FAE04EC0-301F-11D3-BF4B-00C04F79EFBC}") = "DevTeams.UI", "DevTeams.UI\DevTeams.UI.csproj", "{DC664EF8-EB77-4D6A-9E20-E25A8BE4A3DF}"
EndProject
Global
	GlobalSection(SolutionConfigurationPlatforms) = preSolution
		Debug|Any CPU = Debug|Any CPU
		Release|Any CPU = Release|Any CPU
	EndGlobalSection
	GlobalSection(ProjectConfigurationPlatforms) = postSolution
		{C3CF28DB-31CD-444A-8CE6-4DF78BF5334D}.Debug|Any CPU.ActiveCfg = Debug|Any CPU
		{C3CF28DB-31CD-444A-8CE6-4DF78BF5334D}.Debug|Any CPU.Build.0 = Debug|Any CPU
		{C3CF28DB-31CD-444A-8CE6-4DF78BF5334D}.Release|Any CPU.ActiveCfg = Release|Any CPU
		{C3CF28DB-31CD-444A-8CE6-4DF78BF5334D}.Release|Any CPU.Build.0 = Release|Any CPU
		{D128A512-5715-4848-ABB6-42A7BDDC908C}.Debug|Any CPU.ActiveCfg = Debug|Any CPU
		{D128A512-5715-4848-ABB6-42A7BDDC908C}.Debug|Any CPU.Build.0 = Debug|Any CPU
		{D128A512-5715-4848-ABB6-42A7BDDC908C}.Release|Any CPU.ActiveCfg = Release|Any CPU
		{D128A512-5715-4848-ABB6-42A7BDDC908C}.Release|Any CPU.Build.0 = Release|Any CPU
		{DC664EF8-EB77-4D6A-9E20-E25A8BE4A3DF}.Debug|Any CPU.ActiveCfg = Debug|Any CPU
		{DC664EF8-EB77-4D6A-9E20-E25A8BE4A3DF}.Debug|Any CPU.Build.0 = Debug|Any CPU
		{DC664EF8-EB77-4D6A-9E20-E25A8BE4A3DF}.Release|Any CPU.ActiveCfg = Release|Any CPU
		{DC664EF8-EB77-4D6A-9E20-E25A8BE4A3DF}.Release|Any CPU.Build.0 = Release|Any CPU
	EndGlobalSection
	GlobalSection(SolutionProperties) = preSolution
		HideSolutionNode = FALSE
	EndGlobalSection
	GlobalSection(ExtensibilityGlobals) = postSolution
		SolutionGuid = {2CF514F8-A211-4F4A-9E37-CD6E12D6EA38}
	EndGlobalSection
EndGlobal
